GEM
  remote: https://rubygems.org/
  specs:
    builder (3.2.2)
    chemistrykit (3.10.0)
      builder (~> 3.2.2)
      nokogiri (~> 1.6.0)
      parallel (~> 0.7.0)
      parallel_tests (~> 0.15.0)
      pygments.rb (~> 0.5.2)
      rest-client (~> 1.6.7)
      rspec (~> 2.14.1)
      rspec-retry (~> 0.2.1)
      selenium-connect (~> 3.7.0)
      selenium-webdriver (~> 2.35.1)
      syntax
      thor (~> 0.17.0)
    childprocess (0.3.9)
      ffi (~> 1.0, >= 1.0.11)
    cmdparse (2.0.5)
    diff-lcs (1.2.4)
    ffi (1.9.0)
    highline (1.6.19)
    json (1.8.0)
    mime-types (1.25)
    mini_portile (0.5.1)
    multi_json (1.8.0)
    net-http-persistent (2.9)
    net-ssh (2.7.0)
    net-ssh-gateway (1.2.0)
      net-ssh (>= 2.6.5)
    newrelic_rpm (3.6.7.159)
    nokogiri (1.6.0)
      mini_portile (~> 0.5.0)
    parallel (0.7.1)
    parallel_tests (0.15.4)
      parallel
    posix-spawn (0.3.6)
    pygments.rb (0.5.2)
      posix-spawn (~> 0.3.6)
      yajl-ruby (~> 1.1.0)
    rack (1.5.2)
    rack-protection (1.5.0)
      rack
    rake (10.1.0)
    rest-client (1.6.7)
      mime-types (>= 1.16)
    rspec (2.14.1)
      rspec-core (~> 2.14.0)
      rspec-expectations (~> 2.14.0)
      rspec-mocks (~> 2.14.0)
    rspec-core (2.14.5)
    rspec-expectations (2.14.3)
      diff-lcs (>= 1.1.3, < 2.0)
    rspec-mocks (2.14.3)
    rspec-retry (0.2.1)
      rspec
    rubyzip (0.9.9)
    sauce (2.4.6)
      childprocess (>= 0.1.6)
      cmdparse (>= 2.0.2)
      highline (>= 1.5.0)
      json (>= 1.2.0)
      net-http-persistent
      net-ssh
      net-ssh-gateway
      rest-client
      selenium-webdriver (>= 0.1.2)
    sauce_whisk (0.0.10)
      rest-client
    selenium-connect (3.7.0)
      rake
      sauce (~> 2.4.4)
      sauce_whisk (~> 0.0.8)
      selenium-webdriver
    selenium-webdriver (2.35.1)
      childprocess (>= 0.2.5)
      multi_json (~> 1.0)
      rubyzip (< 1.0.0)
      websocket (~> 1.0.4)
    shotgun (0.9)
      rack (>= 1.0)
    sinatra (1.4.3)
      rack (~> 1.4)
      rack-protection (~> 1.4)
      tilt (~> 1.3, >= 1.3.4)
    sinatra-flash (0.3.0)
      sinatra (>= 1.0.0)
    syntax (1.0.0)
    thor (0.17.0)
    tilt (1.4.1)
    websocket (1.0.7)
    yajl-ruby (1.1.0)

PLATFORMS
  ruby

DEPENDENCIES
  chemistrykit
  newrelic_rpm
  shotgun (~> 0.9)
  sinatra
  sinatra-flash
