
Microsoft Visual Studio Solution File, Format Version 12.00
# Visual Studio Version 16
VisualStudioVersion = 16.0.31702.278
MinimumVisualStudioVersion = 10.0.40219.1
Project("{FAE04EC0-301F-11D3-BF4B-00C04F79EFBC}") = "TheInternet", "TheInternet\TheInternet.csproj", "{7268A872-19EF-4658-8540-67DA0E159C54}"
EndProject
Global
	GlobalSection(SolutionConfigurationPlatforms) = preSolution
		Debug|Any CPU = Debug|Any CPU
		Release|Any CPU = Release|Any CPU
	EndGlobalSection
	GlobalSection(ProjectConfigurationPlatforms) = postSolution
		{7268A872-19EF-4658-8540-67DA0E159C54}.Debug|Any CPU.ActiveCfg = Debug|Any CPU
		{7268A872-19EF-4658-8540-67DA0E159C54}.Debug|Any CPU.Build.0 = Debug|Any CPU
		{7268A872-19EF-4658-8540-67DA0E159C54}.Release|Any CPU.ActiveCfg = Release|Any CPU
		{7268A872-19EF-4658-8540-67DA0E159C54}.Release|Any CPU.Build.0 = Release|Any CPU
	EndGlobalSection
	GlobalSection(SolutionProperties) = preSolution
		HideSolutionNode = FALSE
	EndGlobalSection
	GlobalSection(ExtensibilityGlobals) = postSolution
		SolutionGuid = {7A701AE6-B107-40F4-B515-E5A7C4A54BA6}
	EndGlobalSection
EndGlobal
